// !$*UTF8*$!
{
	archiveVersion = 1;
	classes = {
	};
	objectVersion = 50;
	objects = {

/* Begin PBXBuildFile section */
		2E992156274CD02C0080AA98 /* AppDelegate.swift in Sources */ = {isa = PBXBuildFile; fileRef = 2E992155274CD02C0080AA98 /* AppDelegate.swift */; };
		2E992158274CD02C0080AA98 /* SceneDelegate.swift in Sources */ = {isa = PBXBuildFile; fileRef = 2E992157274CD02C0080AA98 /* SceneDelegate.swift */; };
		2E99215A274CD02C0080AA98 /* ViewController.swift in Sources */ = {isa = PBXBuildFile; fileRef = 2E992159274CD02C0080AA98 /* ViewController.swift */; };
		2E99215D274CD02C0080AA98 /* Main.storyboard in Resources */ = {isa = PBXBuildFile; fileRef = 2E99215B274CD02C0080AA98 /* Main.storyboard */; };
		2E992160274CD02C0080AA98 /* BNSFVVIPSupport.xcdatamodeld in Sources */ = {isa = PBXBuildFile; fileRef = 2E99215E274CD02C0080AA98 /* BNSFVVIPSupport.xcdatamodeld */; };
		2E992162274CD02E0080AA98 /* Assets.xcassets in Resources */ = {isa = PBXBuildFile; fileRef = 2E992161274CD02E0080AA98 /* Assets.xcassets */; };
		2E992165274CD02E0080AA98 /* LaunchScreen.storyboard in Resources */ = {isa = PBXBuildFile; fileRef = 2E992163274CD02E0080AA98 /* LaunchScreen.storyboard */; };
		2E992170274CD02F0080AA98 /* BNSFVVIPSupportTests.swift in Sources */ = {isa = PBXBuildFile; fileRef = 2E99216F274CD02F0080AA98 /* BNSFVVIPSupportTests.swift */; };
		2E99217B274CD02F0080AA98 /* BNSFVVIPSupportUITests.swift in Sources */ = {isa = PBXBuildFile; fileRef = 2E99217A274CD02F0080AA98 /* BNSFVVIPSupportUITests.swift */; };
/* End PBXBuildFile section */

/* Begin PBXContainerItemProxy section */
		2E99216C274CD02F0080AA98 /* PBXContainerItemProxy */ = {
			isa = PBXContainerItemProxy;
			containerPortal = 2E99214A274CD02C0080AA98 /* Project object */;
			proxyType = 1;
			remoteGlobalIDString = 2E992151274CD02C0080AA98;
			remoteInfo = BNSFVVIPSupport;
		};
		2E992177274CD02F0080AA98 /* PBXContainerItemProxy */ = {
			isa = PBXContainerItemProxy;
			containerPortal = 2E99214A274CD02C0080AA98 /* Project object */;
			proxyType = 1;
			remoteGlobalIDString = 2E992151274CD02C0080AA98;
			remoteInfo = BNSFVVIPSupport;
		};
/* End PBXContainerItemProxy section */

/* Begin PBXFileReference section */
		2E992152274CD02C0080AA98 /* BNSFVVIPSupport.app */ = {isa = PBXFileReference; explicitFileType = wrapper.application; includeInIndex = 0; path = BNSFVVIPSupport.app; sourceTree = BUILT_PRODUCTS_DIR; };
		2E992155274CD02C0080AA98 /* AppDelegate.swift */ = {isa = PBXFileReference; lastKnownFileType = sourcecode.swift; path = AppDelegate.swift; sourceTree = "<group>"; };
		2E992157274CD02C0080AA98 /* SceneDelegate.swift */ = {isa = PBXFileReference; lastKnownFileType = sourcecode.swift; path = SceneDelegate.swift; sourceTree = "<group>"; };
		2E992159274CD02C0080AA98 /* ViewController.swift */ = {isa = PBXFileReference; lastKnownFileType = sourcecode.swift; path = ViewController.swift; sourceTree = "<group>"; };
		2E99215C274CD02C0080AA98 /* Base */ = {isa = PBXFileReference; lastKnownFileType = file.storyboard; name = Base; path = Base.lproj/Main.storyboard; sourceTree = "<group>"; };
		2E99215F274CD02C0080AA98 /* BNSFVVIPSupport.xcdatamodel */ = {isa = PBXFileReference; lastKnownFileType = wrapper.xcdatamodel; path = BNSFVVIPSupport.xcdatamodel; sourceTree = "<group>"; };
		2E992161274CD02E0080AA98 /* Assets.xcassets */ = {isa = PBXFileReference; lastKnownFileType = folder.assetcatalog; path = Assets.xcassets; sourceTree = "<group>"; };
		2E992164274CD02E0080AA98 /* Base */ = {isa = PBXFileReference; lastKnownFileType = file.storyboard; name = Base; path = Base.lproj/LaunchScreen.storyboard; sourceTree = "<group>"; };
		2E992166274CD02E0080AA98 /* Info.plist */ = {isa = PBXFileReference; lastKnownFileType = text.plist.xml; path = Info.plist; sourceTree = "<group>"; };
		2E99216B274CD02F0080AA98 /* BNSFVVIPSupportTests.xctest */ = {isa = PBXFileReference; explicitFileType = wrapper.cfbundle; includeInIndex = 0; path = BNSFVVIPSupportTests.xctest; sourceTree = BUILT_PRODUCTS_DIR; };
		2E99216F274CD02F0080AA98 /* BNSFVVIPSupportTests.swift */ = {isa = PBXFileReference; lastKnownFileType = sourcecode.swift; path = BNSFVVIPSupportTests.swift; sourceTree = "<group>"; };
		2E992171274CD02F0080AA98 /* Info.plist */ = {isa = PBXFileReference; lastKnownFileType = text.plist.xml; path = Info.plist; sourceTree = "<group>"; };
		2E992176274CD02F0080AA98 /* BNSFVVIPSupportUITests.xctest */ = {isa = PBXFileReference; explicitFileType = wrapper.cfbundle; includeInIndex = 0; path = BNSFVVIPSupportUITests.xctest; sourceTree = BUILT_PRODUCTS_DIR; };
		2E99217A274CD02F0080AA98 /* BNSFVVIPSupportUITests.swift */ = {isa = PBXFileReference; lastKnownFileType = sourcecode.swift; path = BNSFVVIPSupportUITests.swift; sourceTree = "<group>"; };
		2E99217C274CD02F0080AA98 /* Info.plist */ = {isa = PBXFileReference; lastKnownFileType = text.plist.xml; path = Info.plist; sourceTree = "<group>"; };
/* End PBXFileReference section */

/* Begin PBXFrameworksBuildPhase section */
		2E99214F274CD02C0080AA98 /* Frameworks */ = {
			isa = PBXFrameworksBuildPhase;
			buildActionMask = 2147483647;
			files = (
			);
			runOnlyForDeploymentPostprocessing = 0;
		};
		2E992168274CD02F0080AA98 /* Frameworks */ = {
			isa = PBXFrameworksBuildPhase;
			buildActionMask = 2147483647;
			files = (
			);
			runOnlyForDeploymentPostprocessing = 0;
		};
		2E992173274CD02F0080AA98 /* Frameworks */ = {
			isa = PBXFrameworksBuildPhase;
			buildActionMask = 2147483647;
			files = (
			);
			runOnlyForDeploymentPostprocessing = 0;
		};
/* End PBXFrameworksBuildPhase section */

/* Begin PBXGroup section */
		2E992149274CD02C0080AA98 = {
			isa = PBXGroup;
			children = (
				2E992154274CD02C0080AA98 /* BNSFVVIPSupport */,
				2E99216E274CD02F0080AA98 /* BNSFVVIPSupportTests */,
				2E992179274CD02F0080AA98 /* BNSFVVIPSupportUITests */,
				2E992153274CD02C0080AA98 /* Products */,
			);
			sourceTree = "<group>";
		};
		2E992153274CD02C0080AA98 /* Products */ = {
			isa = PBXGroup;
			children = (
				2E992152274CD02C0080AA98 /* BNSFVVIPSupport.app */,
				2E99216B274CD02F0080AA98 /* BNSFVVIPSupportTests.xctest */,
				2E992176274CD02F0080AA98 /* BNSFVVIPSupportUITests.xctest */,
			);
			name = Products;
			sourceTree = "<group>";
		};
		2E992154274CD02C0080AA98 /* BNSFVVIPSupport */ = {
			isa = PBXGroup;
			children = (
				2E992155274CD02C0080AA98 /* AppDelegate.swift */,
				2E992157274CD02C0080AA98 /* SceneDelegate.swift */,
				2E992159274CD02C0080AA98 /* ViewController.swift */,
				2E99215B274CD02C0080AA98 /* Main.storyboard */,
				2E992161274CD02E0080AA98 /* Assets.xcassets */,
				2E992163274CD02E0080AA98 /* LaunchScreen.storyboard */,
				2E992166274CD02E0080AA98 /* Info.plist */,
				2E99215E274CD02C0080AA98 /* BNSFVVIPSupport.xcdatamodeld */,
			);
			path = BNSFVVIPSupport;
			sourceTree = "<group>";
		};
		2E99216E274CD02F0080AA98 /* BNSFVVIPSupportTests */ = {
			isa = PBXGroup;
			children = (
				2E99216F274CD02F0080AA98 /* BNSFVVIPSupportTests.swift */,
				2E992171274CD02F0080AA98 /* Info.plist */,
			);
			path = BNSFVVIPSupportTests;
			sourceTree = "<group>";
		};
		2E992179274CD02F0080AA98 /* BNSFVVIPSupportUITests */ = {
			isa = PBXGroup;
			children = (
				2E99217A274CD02F0080AA98 /* BNSFVVIPSupportUITests.swift */,
				2E99217C274CD02F0080AA98 /* Info.plist */,
			);
			path = BNSFVVIPSupportUITests;
			sourceTree = "<group>";
		};
/* End PBXGroup section */

/* Begin PBXNativeTarget section */
		2E992151274CD02C0080AA98 /* BNSFVVIPSupport */ = {
			isa = PBXNativeTarget;
			buildConfigurationList = 2E99217F274CD02F0080AA98 /* Build configuration list for PBXNativeTarget "BNSFVVIPSupport" */;
			buildPhases = (
				2E99214E274CD02C0080AA98 /* Sources */,
				2E99214F274CD02C0080AA98 /* Frameworks */,
				2E992150274CD02C0080AA98 /* Resources */,
			);
			buildRules = (
			);
			dependencies = (
			);
			name = BNSFVVIPSupport;
			productName = BNSFVVIPSupport;
			productReference = 2E992152274CD02C0080AA98 /* BNSFVVIPSupport.app */;
			productType = "com.apple.product-type.application";
		};
		2E99216A274CD02F0080AA98 /* BNSFVVIPSupportTests */ = {
			isa = PBXNativeTarget;
			buildConfigurationList = 2E992182274CD02F0080AA98 /* Build configuration list for PBXNativeTarget "BNSFVVIPSupportTests" */;
			buildPhases = (
				2E992167274CD02F0080AA98 /* Sources */,
				2E992168274CD02F0080AA98 /* Frameworks */,
				2E992169274CD02F0080AA98 /* Resources */,
			);
			buildRules = (
			);
			dependencies = (
				2E99216D274CD02F0080AA98 /* PBXTargetDependency */,
			);
			name = BNSFVVIPSupportTests;
			productName = BNSFVVIPSupportTests;
			productReference = 2E99216B274CD02F0080AA98 /* BNSFVVIPSupportTests.xctest */;
			productType = "com.apple.product-type.bundle.unit-test";
		};
		2E992175274CD02F0080AA98 /* BNSFVVIPSupportUITests */ = {
			isa = PBXNativeTarget;
			buildConfigurationList = 2E992185274CD02F0080AA98 /* Build configuration list for PBXNativeTarget "BNSFVVIPSupportUITests" */;
			buildPhases = (
				2E992172274CD02F0080AA98 /* Sources */,
				2E992173274CD02F0080AA98 /* Frameworks */,
				2E992174274CD02F0080AA98 /* Resources */,
			);
			buildRules = (
			);
			dependencies = (
				2E992178274CD02F0080AA98 /* PBXTargetDependency */,
			);
			name = BNSFVVIPSupportUITests;
			productName = BNSFVVIPSupportUITests;
			productReference = 2E992176274CD02F0080AA98 /* BNSFVVIPSupportUITests.xctest */;
			productType = "com.apple.product-type.bundle.ui-testing";
		};
/* End PBXNativeTarget section */

/* Begin PBXProject section */
		2E99214A274CD02C0080AA98 /* Project object */ = {
			isa = PBXProject;
			attributes = {
				LastSwiftUpdateCheck = 1250;
				LastUpgradeCheck = 1250;
				TargetAttributes = {
					2E992151274CD02C0080AA98 = {
						CreatedOnToolsVersion = 12.5.1;
					};
					2E99216A274CD02F0080AA98 = {
						CreatedOnToolsVersion = 12.5.1;
						TestTargetID = 2E992151274CD02C0080AA98;
					};
					2E992175274CD02F0080AA98 = {
						CreatedOnToolsVersion = 12.5.1;
						TestTargetID = 2E992151274CD02C0080AA98;
					};
				};
			};
			buildConfigurationList = 2E99214D274CD02C0080AA98 /* Build configuration list for PBXProject "BNSFVVIPSupport" */;
			compatibilityVersion = "Xcode 9.3";
			developmentRegion = en;
			hasScannedForEncodings = 0;
			knownRegions = (
				en,
				Base,
			);
			mainGroup = 2E992149274CD02C0080AA98;
			productRefGroup = 2E992153274CD02C0080AA98 /* Products */;
			projectDirPath = "";
			projectRoot = "";
			targets = (
				2E992151274CD02C0080AA98 /* BNSFVVIPSupport */,
				2E99216A274CD02F0080AA98 /* BNSFVVIPSupportTests */,
				2E992175274CD02F0080AA98 /* BNSFVVIPSupportUITests */,
			);
		};
/* End PBXProject section */

/* Begin PBXResourcesBuildPhase section */
		2E992150274CD02C0080AA98 /* Resources */ = {
			isa = PBXResourcesBuildPhase;
			buildActionMask = 2147483647;
			files = (
				2E992165274CD02E0080AA98 /* LaunchScreen.storyboard in Resources */,
				2E992162274CD02E0080AA98 /* Assets.xcassets in Resources */,
				2E99215D274CD02C0080AA98 /* Main.storyboard in Resources */,
			);
			runOnlyForDeploymentPostprocessing = 0;
		};
		2E992169274CD02F0080AA98 /* Resources */ = {
			isa = PBXResourcesBuildPhase;
			buildActionMask = 2147483647;
			files = (
			);
			runOnlyForDeploymentPostprocessing = 0;
		};
		2E992174274CD02F0080AA98 /* Resources */ = {
			isa = PBXResourcesBuildPhase;
			buildActionMask = 2147483647;
			files = (
			);
			runOnlyForDeploymentPostprocessing = 0;
		};
/* End PBXResourcesBuildPhase section */

/* Begin PBXSourcesBuildPhase section */
		2E99214E274CD02C0080AA98 /* Sources */ = {
			isa = PBXSourcesBuildPhase;
			buildActionMask = 2147483647;
			files = (
				2E99215A274CD02C0080AA98 /* ViewController.swift in Sources */,
				2E992156274CD02C0080AA98 /* AppDelegate.swift in Sources */,
				2E992158274CD02C0080AA98 /* SceneDelegate.swift in Sources */,
				2E992160274CD02C0080AA98 /* BNSFVVIPSupport.xcdatamodeld in Sources */,
			);
			runOnlyForDeploymentPostprocessing = 0;
		};
		2E992167274CD02F0080AA98 /* Sources */ = {
			isa = PBXSourcesBuildPhase;
			buildActionMask = 2147483647;
			files = (
				2E992170274CD02F0080AA98 /* BNSFVVIPSupportTests.swift in Sources */,
			);
			runOnlyForDeploymentPostprocessing = 0;
		};
		2E992172274CD02F0080AA98 /* Sources */ = {
			isa = PBXSourcesBuildPhase;
			buildActionMask = 2147483647;
			files = (
				2E99217B274CD02F0080AA98 /* BNSFVVIPSupportUITests.swift in Sources */,
			);
			runOnlyForDeploymentPostprocessing = 0;
		};
/* End PBXSourcesBuildPhase section */

/* Begin PBXTargetDependency section */
		2E99216D274CD02F0080AA98 /* PBXTargetDependency */ = {
			isa = PBXTargetDependency;
			target = 2E992151274CD02C0080AA98 /* BNSFVVIPSupport */;
			targetProxy = 2E99216C274CD02F0080AA98 /* PBXContainerItemProxy */;
		};
		2E992178274CD02F0080AA98 /* PBXTargetDependency */ = {
			isa = PBXTargetDependency;
			target = 2E992151274CD02C0080AA98 /* BNSFVVIPSupport */;
			targetProxy = 2E992177274CD02F0080AA98 /* PBXContainerItemProxy */;
		};
/* End PBXTargetDependency section */

/* Begin PBXVariantGroup section */
		2E99215B274CD02C0080AA98 /* Main.storyboard */ = {
			isa = PBXVariantGroup;
			children = (
				2E99215C274CD02C0080AA98 /* Base */,
			);
			name = Main.storyboard;
			sourceTree = "<group>";
		};
		2E992163274CD02E0080AA98 /* LaunchScreen.storyboard */ = {
			isa = PBXVariantGroup;
			children = (
				2E992164274CD02E0080AA98 /* Base */,
			);
			name = LaunchScreen.storyboard;
			sourceTree = "<group>";
		};
/* End PBXVariantGroup section */

/* Begin XCBuildConfiguration section */
		2E99217D274CD02F0080AA98 /* Debug */ = {
			isa = XCBuildConfiguration;
			buildSettings = {
				ALWAYS_SEARCH_USER_PATHS = NO;
				CLANG_ANALYZER_NONNULL = YES;
				CLANG_ANALYZER_NUMBER_OBJECT_CONVERSION = YES_AGGRESSIVE;
				CLANG_CXX_LANGUAGE_STANDARD = "gnu++14";
				CLANG_CXX_LIBRARY = "libc++";
				CLANG_ENABLE_MODULES = YES;
				CLANG_ENABLE_OBJC_ARC = YES;
				CLANG_ENABLE_OBJC_WEAK = YES;
				CLANG_WARN_BLOCK_CAPTURE_AUTORELEASING = YES;
				CLANG_WARN_BOOL_CONVERSION = YES;
				CLANG_WARN_COMMA = YES;
				CLANG_WARN_CONSTANT_CONVERSION = YES;
				CLANG_WARN_DEPRECATED_OBJC_IMPLEMENTATIONS = YES;
				CLANG_WARN_DIRECT_OBJC_ISA_USAGE = YES_ERROR;
				CLANG_WARN_DOCUMENTATION_COMMENTS = YES;
				CLANG_WARN_EMPTY_BODY = YES;
				CLANG_WARN_ENUM_CONVERSION = YES;
				CLANG_WARN_INFINITE_RECURSION = YES;
				CLANG_WARN_INT_CONVERSION = YES;
				CLANG_WARN_NON_LITERAL_NULL_CONVERSION = YES;
				CLANG_WARN_OBJC_IMPLICIT_RETAIN_SELF = YES;
				CLANG_WARN_OBJC_LITERAL_CONVERSION = YES;
				CLANG_WARN_OBJC_ROOT_CLASS = YES_ERROR;
				CLANG_WARN_QUOTED_INCLUDE_IN_FRAMEWORK_HEADER = YES;
				CLANG_WARN_RANGE_LOOP_ANALYSIS = YES;
				CLANG_WARN_STRICT_PROTOTYPES = YES;
				CLANG_WARN_SUSPICIOUS_MOVE = YES;
				CLANG_WARN_UNGUARDED_AVAILABILITY = YES_AGGRESSIVE;
				CLANG_WARN_UNREACHABLE_CODE = YES;
				CLANG_WARN__DUPLICATE_METHOD_MATCH = YES;
				COPY_PHASE_STRIP = NO;
				DEBUG_INFORMATION_FORMAT = dwarf;
				ENABLE_STRICT_OBJC_MSGSEND = YES;
				ENABLE_TESTABILITY = YES;
				GCC_C_LANGUAGE_STANDARD = gnu11;
				GCC_DYNAMIC_NO_PIC = NO;
				GCC_NO_COMMON_BLOCKS = YES;
				GCC_OPTIMIZATION_LEVEL = 0;
				GCC_PREPROCESSOR_DEFINITIONS = (
					"DEBUG=1",
					"$(inherited)",
				);
				GCC_WARN_64_TO_32_BIT_CONVERSION = YES;
				GCC_WARN_ABOUT_RETURN_TYPE = YES_ERROR;
				GCC_WARN_UNDECLARED_SELECTOR = YES;
				GCC_WARN_UNINITIALIZED_AUTOS = YES_AGGRESSIVE;
				GCC_WARN_UNUSED_FUNCTION = YES;
				GCC_WARN_UNUSED_VARIABLE = YES;
				IPHONEOS_DEPLOYMENT_TARGET = 14.5;
				MTL_ENABLE_DEBUG_INFO = INCLUDE_SOURCE;
				MTL_FAST_MATH = YES;
				ONLY_ACTIVE_ARCH = YES;
				SDKROOT = iphoneos;
				SWIFT_ACTIVE_COMPILATION_CONDITIONS = DEBUG;
				SWIFT_OPTIMIZATION_LEVEL = "-Onone";
			};
			name = Debug;
		};
		2E99217E274CD02F0080AA98 /* Release */ = {
			isa = XCBuildConfiguration;
			buildSettings = {
				ALWAYS_SEARCH_USER_PATHS = NO;
				CLANG_ANALYZER_NONNULL = YES;
				CLANG_ANALYZER_NUMBER_OBJECT_CONVERSION = YES_AGGRESSIVE;
				CLANG_CXX_LANGUAGE_STANDARD = "gnu++14";
				CLANG_CXX_LIBRARY = "libc++";
				CLANG_ENABLE_MODULES = YES;
				CLANG_ENABLE_OBJC_ARC = YES;
				CLANG_ENABLE_OBJC_WEAK = YES;
				CLANG_WARN_BLOCK_CAPTURE_AUTORELEASING = YES;
				CLANG_WARN_BOOL_CONVERSION = YES;
				CLANG_WARN_COMMA = YES;
				CLANG_WARN_CONSTANT_CONVERSION = YES;
				CLANG_WARN_DEPRECATED_OBJC_IMPLEMENTATIONS = YES;
				CLANG_WARN_DIRECT_OBJC_ISA_USAGE = YES_ERROR;
				CLANG_WARN_DOCUMENTATION_COMMENTS = YES;
				CLANG_WARN_EMPTY_BODY = YES;
				CLANG_WARN_ENUM_CONVERSION = YES;
				CLANG_WARN_INFINITE_RECURSION = YES;
				CLANG_WARN_INT_CONVERSION = YES;
				CLANG_WARN_NON_LITERAL_NULL_CONVERSION = YES;
				CLANG_WARN_OBJC_IMPLICIT_RETAIN_SELF = YES;
				CLANG_WARN_OBJC_LITERAL_CONVERSION = YES;
				CLANG_WARN_OBJC_ROOT_CLASS = YES_ERROR;
				CLANG_WARN_QUOTED_INCLUDE_IN_FRAMEWORK_HEADER = YES;
				CLANG_WARN_RANGE_LOOP_ANALYSIS = YES;
				CLANG_WARN_STRICT_PROTOTYPES = YES;
				CLANG_WARN_SUSPICIOUS_MOVE = YES;
				CLANG_WARN_UNGUARDED_AVAILABILITY = YES_AGGRESSIVE;
				CLANG_WARN_UNREACHABLE_CODE = YES;
				CLANG_WARN__DUPLICATE_METHOD_MATCH = YES;
				COPY_PHASE_STRIP = NO;
				DEBUG_INFORMATION_FORMAT = "dwarf-with-dsym";
				ENABLE_NS_ASSERTIONS = NO;
				ENABLE_STRICT_OBJC_MSGSEND = YES;
				GCC_C_LANGUAGE_STANDARD = gnu11;
				GCC_NO_COMMON_BLOCKS = YES;
				GCC_WARN_64_TO_32_BIT_CONVERSION = YES;
				GCC_WARN_ABOUT_RETURN_TYPE = YES_ERROR;
				GCC_WARN_UNDECLARED_SELECTOR = YES;
				GCC_WARN_UNINITIALIZED_AUTOS = YES_AGGRESSIVE;
				GCC_WARN_UNUSED_FUNCTION = YES;
				GCC_WARN_UNUSED_VARIABLE = YES;
				IPHONEOS_DEPLOYMENT_TARGET = 14.5;
				MTL_ENABLE_DEBUG_INFO = NO;
				MTL_FAST_MATH = YES;
				SDKROOT = iphoneos;
				SWIFT_COMPILATION_MODE = wholemodule;
				SWIFT_OPTIMIZATION_LEVEL = "-O";
				VALIDATE_PRODUCT = YES;
			};
			name = Release;
		};
		2E992180274CD02F0080AA98 /* Debug */ = {
			isa = XCBuildConfiguration;
			buildSettings = {
				ASSETCATALOG_COMPILER_APPICON_NAME = AppIcon;
				ASSETCATALOG_COMPILER_GLOBAL_ACCENT_COLOR_NAME = AccentColor;
				CODE_SIGN_STYLE = Automatic;
				DEVELOPMENT_TEAM = T62DRJXC94;
				INFOPLIST_FILE = BNSFVVIPSupport/Info.plist;
				LD_RUNPATH_SEARCH_PATHS = (
					"$(inherited)",
					"@executable_path/Frameworks",
				);
				PRODUCT_BUNDLE_IDENTIFIER = com.bnsf.BNSFVVIPSupport;
				PRODUCT_NAME = "$(TARGET_NAME)";
				SWIFT_VERSION = 5.0;
				TARGETED_DEVICE_FAMILY = "1,2";
			};
			name = Debug;
		};
		2E992181274CD02F0080AA98 /* Release */ = {
			isa = XCBuildConfiguration;
			buildSettings = {
				ASSETCATALOG_COMPILER_APPICON_NAME = AppIcon;
				ASSETCATALOG_COMPILER_GLOBAL_ACCENT_COLOR_NAME = AccentColor;
				CODE_SIGN_STYLE = Automatic;
				DEVELOPMENT_TEAM = T62DRJXC94;
				INFOPLIST_FILE = BNSFVVIPSupport/Info.plist;
				LD_RUNPATH_SEARCH_PATHS = (
					"$(inherited)",
					"@executable_path/Frameworks",
				);
				PRODUCT_BUNDLE_IDENTIFIER = com.bnsf.BNSFVVIPSupport;
				PRODUCT_NAME = "$(TARGET_NAME)";
				SWIFT_VERSION = 5.0;
				TARGETED_DEVICE_FAMILY = "1,2";
			};
			name = Release;
		};
		2E992183274CD02F0080AA98 /* Debug */ = {
			isa = XCBuildConfiguration;
			buildSettings = {
				ALWAYS_EMBED_SWIFT_STANDARD_LIBRARIES = YES;
				BUNDLE_LOADER = "$(TEST_HOST)";
				CODE_SIGN_STYLE = Automatic;
				DEVELOPMENT_TEAM = T62DRJXC94;
				INFOPLIST_FILE = BNSFVVIPSupportTests/Info.plist;
				IPHONEOS_DEPLOYMENT_TARGET = 14.5;
				LD_RUNPATH_SEARCH_PATHS = (
					"$(inherited)",
					"@executable_path/Frameworks",
					"@loader_path/Frameworks",
				);
				PRODUCT_BUNDLE_IDENTIFIER = com.bnsf.BNSFVVIPSupportTests;
				PRODUCT_NAME = "$(TARGET_NAME)";
				SWIFT_VERSION = 5.0;
				TARGETED_DEVICE_FAMILY = "1,2";
				TEST_HOST = "$(BUILT_PRODUCTS_DIR)/BNSFVVIPSupport.app/BNSFVVIPSupport";
			};
			name = Debug;
		};
		2E992184274CD02F0080AA98 /* Release */ = {
			isa = XCBuildConfiguration;
			buildSettings = {
				ALWAYS_EMBED_SWIFT_STANDARD_LIBRARIES = YES;
				BUNDLE_LOADER = "$(TEST_HOST)";
				CODE_SIGN_STYLE = Automatic;
				DEVELOPMENT_TEAM = T62DRJXC94;
				INFOPLIST_FILE = BNSFVVIPSupportTests/Info.plist;
				IPHONEOS_DEPLOYMENT_TARGET = 14.5;
				LD_RUNPATH_SEARCH_PATHS = (
					"$(inherited)",
					"@executable_path/Frameworks",
					"@loader_path/Frameworks",
				);
				PRODUCT_BUNDLE_IDENTIFIER = com.bnsf.BNSFVVIPSupportTests;
				PRODUCT_NAME = "$(TARGET_NAME)";
				SWIFT_VERSION = 5.0;
				TARGETED_DEVICE_FAMILY = "1,2";
				TEST_HOST = "$(BUILT_PRODUCTS_DIR)/BNSFVVIPSupport.app/BNSFVVIPSupport";
			};
			name = Release;
		};
		2E992186274CD02F0080AA98 /* Debug */ = {
			isa = XCBuildConfiguration;
			buildSettings = {
				ALWAYS_EMBED_SWIFT_STANDARD_LIBRARIES = YES;
				CODE_SIGN_STYLE = Automatic;
				DEVELOPMENT_TEAM = T62DRJXC94;
				INFOPLIST_FILE = BNSFVVIPSupportUITests/Info.plist;
				LD_RUNPATH_SEARCH_PATHS = (
					"$(inherited)",
					"@executable_path/Frameworks",
					"@loader_path/Frameworks",
				);
				PRODUCT_BUNDLE_IDENTIFIER = com.bnsf.BNSFVVIPSupportUITests;
				PRODUCT_NAME = "$(TARGET_NAME)";
				SWIFT_VERSION = 5.0;
				TARGETED_DEVICE_FAMILY = "1,2";
				TEST_TARGET_NAME = BNSFVVIPSupport;
			};
			name = Debug;
		};
		2E992187274CD02F0080AA98 /* Release */ = {
			isa = XCBuildConfiguration;
			buildSettings = {
				ALWAYS_EMBED_SWIFT_STANDARD_LIBRARIES = YES;
				CODE_SIGN_STYLE = Automatic;
				DEVELOPMENT_TEAM = T62DRJXC94;
				INFOPLIST_FILE = BNSFVVIPSupportUITests/Info.plist;
				LD_RUNPATH_SEARCH_PATHS = (
					"$(inherited)",
					"@executable_path/Frameworks",
					"@loader_path/Frameworks",
				);
				PRODUCT_BUNDLE_IDENTIFIER = com.bnsf.BNSFVVIPSupportUITests;
				PRODUCT_NAME = "$(TARGET_NAME)";
				SWIFT_VERSION = 5.0;
				TARGETED_DEVICE_FAMILY = "1,2";
				TEST_TARGET_NAME = BNSFVVIPSupport;
			};
			name = Release;
		};
/* End XCBuildConfiguration section */

/* Begin XCConfigurationList section */
		2E99214D274CD02C0080AA98 /* Build configuration list for PBXProject "BNSFVVIPSupport" */ = {
			isa = XCConfigurationList;
			buildConfigurations = (
				2E99217D274CD02F0080AA98 /* Debug */,
				2E99217E274CD02F0080AA98 /* Release */,
			);
			defaultConfigurationIsVisible = 0;
			defaultConfigurationName = Release;
		};
		2E99217F274CD02F0080AA98 /* Build configuration list for PBXNativeTarget "BNSFVVIPSupport" */ = {
			isa = XCConfigurationList;
			buildConfigurations = (
				2E992180274CD02F0080AA98 /* Debug */,
				2E992181274CD02F0080AA98 /* Release */,
			);
			defaultConfigurationIsVisible = 0;
			defaultConfigurationName = Release;
		};
		2E992182274CD02F0080AA98 /* Build configuration list for PBXNativeTarget "BNSFVVIPSupportTests" */ = {
			isa = XCConfigurationList;
			buildConfigurations = (
				2E992183274CD02F0080AA98 /* Debug */,
				2E992184274CD02F0080AA98 /* Release */,
			);
			defaultConfigurationIsVisible = 0;
			defaultConfigurationName = Release;
		};
		2E992185274CD02F0080AA98 /* Build configuration list for PBXNativeTarget "BNSFVVIPSupportUITests" */ = {
			isa = XCConfigurationList;
			buildConfigurations = (
				2E992186274CD02F0080AA98 /* Debug */,
				2E992187274CD02F0080AA98 /* Release */,
			);
			defaultConfigurationIsVisible = 0;
			defaultConfigurationName = Release;
		};
/* End XCConfigurationList section */

/* Begin XCVersionGroup section */
		2E99215E274CD02C0080AA98 /* BNSFVVIPSupport.xcdatamodeld */ = {
			isa = XCVersionGroup;
			children = (
				2E99215F274CD02C0080AA98 /* BNSFVVIPSupport.xcdatamodel */,
			);
			currentVersion = 2E99215F274CD02C0080AA98 /* BNSFVVIPSupport.xcdatamodel */;
			path = BNSFVVIPSupport.xcdatamodeld;
			sourceTree = "<group>";
			versionGroupType = wrapper.xcdatamodel;
		};
/* End XCVersionGroup section */
	};
	rootObject = 2E99214A274CD02C0080AA98 /* Project object */;
}
